
Microsoft Visual Studio Solution File, Format Version 12.00
# Visual Studio Version 16
VisualStudioVersion = 16.0.31205.134
MinimumVisualStudioVersion = 10.0.40219.1
Project("{9A19103F-16F7-4668-BE54-9A1E7A4F7556}") = "TopmostApp", "TopmostApp\TopmostApp.csproj", "{5D997F56-1B1F-453B-9800-36A44E290CF1}"
EndProject
Global
	GlobalSection(SolutionConfigurationPlatforms) = preSolution
		Debug|Any CPU = Debug|Any CPU
		Debug|ARM = Debug|ARM
		Debug|ARM64 = Debug|ARM64
		Debug|x64 = Debug|x64
		Debug|x86 = Debug|x86
		Release|Any CPU = Release|Any CPU
		Release|ARM = Release|ARM
		Release|ARM64 = Release|ARM64
		Release|x64 = Release|x64
		Release|x86 = Release|x86
	EndGlobalSection
	GlobalSection(ProjectConfigurationPlatforms) = postSolution
		{5D997F56-1B1F-453B-9800-36A44E290CF1}.Debug|Any CPU.ActiveCfg = Debug|Any CPU
		{5D997F56-1B1F-453B-9800-36A44E290CF1}.Debug|Any CPU.Build.0 = Debug|Any CPU
		{5D997F56-1B1F-453B-9800-36A44E290CF1}.Debug|ARM.ActiveCfg = Debug|Any CPU
		{5D997F56-1B1F-453B-9800-36A44E290CF1}.Debug|ARM.Build.0 = Debug|Any CPU
		{5D997F56-1B1F-453B-9800-36A44E290CF1}.Debug|ARM64.ActiveCfg = Debug|Any CPU
		{5D997F56-1B1F-453B-9800-36A44E290CF1}.Debug|ARM64.Build.0 = Debug|Any CPU
		{5D997F56-1B1F-453B-9800-36A44E290CF1}.Debug|x64.ActiveCfg = Debug|Any CPU
		{5D997F56-1B1F-453B-9800-36A44E290CF1}.Debug|x64.Build.0 = Debug|Any CPU
		{5D997F56-1B1F-453B-9800-36A44E290CF1}.Debug|x86.ActiveCfg = Debug|Any CPU
		{5D997F56-1B1F-453B-9800-36A44E290CF1}.Debug|x86.Build.0 = Debug|Any CPU
		{5D997F56-1B1F-453B-9800-36A44E290CF1}.Release|Any CPU.ActiveCfg = Release|Any CPU
		{5D997F56-1B1F-453B-9800-36A44E290CF1}.Release|Any CPU.Build.0 = Release|Any CPU
		{5D997F56-1B1F-453B-9800-36A44E290CF1}.Release|ARM.ActiveCfg = Release|Any CPU
		{5D997F56-1B1F-453B-9800-36A44E290CF1}.Release|ARM.Build.0 = Release|Any CPU
		{5D997F56-1B1F-453B-9800-36A44E290CF1}.Release|ARM64.ActiveCfg = Release|Any CPU
		{5D997F56-1B1F-453B-9800-36A44E290CF1}.Release|ARM64.Build.0 = Release|Any CPU
		{5D997F56-1B1F-453B-9800-36A44E290CF1}.Release|x64.ActiveCfg = Release|Any CPU
		{5D997F56-1B1F-453B-9800-36A44E290CF1}.Release|x64.Build.0 = Release|Any CPU
		{5D997F56-1B1F-453B-9800-36A44E290CF1}.Release|x86.ActiveCfg = Release|Any CPU
		{5D997F56-1B1F-453B-9800-36A44E290CF1}.Release|x86.Build.0 = Release|Any CPU
	EndGlobalSection
	GlobalSection(SolutionProperties) = preSolution
		HideSolutionNode = FALSE
	EndGlobalSection
	GlobalSection(ExtensibilityGlobals) = postSolution
		SolutionGuid = {CBDDFB20-8CE8-4317-BA7F-63E42D99F353}
	EndGlobalSection
EndGlobal
